
Microsoft Visual Studio Solution File, Format Version 12.00
# Visual Studio Version 16
VisualStudioVersion = 16.0.30804.86
MinimumVisualStudioVersion = 10.0.40219.1
Project("{8BC9CEB8-8B4A-11D0-8D11-00A0C91BC942}") = "BIA.Bridge", "BIA.Bridge\BIA.Bridge.vcxproj", "{F5B163C0-480E-4313-8248-9C9BFA7E7831}"
EndProject
Project("{FAE04EC0-301F-11D3-BF4B-00C04F79EFBC}") = "BIA.UI", "BIA.UI\BIA.UI.csproj", "{39D93ADF-ADF3-4D4E-8630-56979FC34B2B}"
EndProject
Project("{8BC9CEB8-8B4A-11D0-8D11-00A0C91BC942}") = "bia.core", "bia.core\bia.core.vcxproj", "{3682CEE4-3395-4544-80C1-24B45D7E6EDE}"
EndProject
Global
	GlobalSection(SolutionConfigurationPlatforms) = preSolution
		debug|x64 = debug|x64
		debug|x86 = debug|x86
		release|x64 = release|x64
		release|x86 = release|x86
	EndGlobalSection
	GlobalSection(ProjectConfigurationPlatforms) = postSolution
		{F5B163C0-480E-4313-8248-9C9BFA7E7831}.debug|x64.ActiveCfg = debug|x64
		{F5B163C0-480E-4313-8248-9C9BFA7E7831}.debug|x64.Build.0 = debug|x64
		{F5B163C0-480E-4313-8248-9C9BFA7E7831}.debug|x86.ActiveCfg = debug|Win32
		{F5B163C0-480E-4313-8248-9C9BFA7E7831}.debug|x86.Build.0 = debug|Win32
		{F5B163C0-480E-4313-8248-9C9BFA7E7831}.release|x64.ActiveCfg = release|x64
		{F5B163C0-480E-4313-8248-9C9BFA7E7831}.release|x64.Build.0 = release|x64
		{F5B163C0-480E-4313-8248-9C9BFA7E7831}.release|x86.ActiveCfg = release|Win32
		{F5B163C0-480E-4313-8248-9C9BFA7E7831}.release|x86.Build.0 = release|Win32
		{39D93ADF-ADF3-4D4E-8630-56979FC34B2B}.debug|x64.ActiveCfg = debug|x64
		{39D93ADF-ADF3-4D4E-8630-56979FC34B2B}.debug|x64.Build.0 = debug|x64
		{39D93ADF-ADF3-4D4E-8630-56979FC34B2B}.debug|x86.ActiveCfg = debug|x86
		{39D93ADF-ADF3-4D4E-8630-56979FC34B2B}.debug|x86.Build.0 = debug|x86
		{39D93ADF-ADF3-4D4E-8630-56979FC34B2B}.release|x64.ActiveCfg = release|x64
		{39D93ADF-ADF3-4D4E-8630-56979FC34B2B}.release|x64.Build.0 = release|x64
		{39D93ADF-ADF3-4D4E-8630-56979FC34B2B}.release|x86.ActiveCfg = release|x86
		{39D93ADF-ADF3-4D4E-8630-56979FC34B2B}.release|x86.Build.0 = release|x86
		{3682CEE4-3395-4544-80C1-24B45D7E6EDE}.debug|x64.ActiveCfg = debug|x64
		{3682CEE4-3395-4544-80C1-24B45D7E6EDE}.debug|x64.Build.0 = debug|x64
		{3682CEE4-3395-4544-80C1-24B45D7E6EDE}.debug|x86.ActiveCfg = debug|Win32
		{3682CEE4-3395-4544-80C1-24B45D7E6EDE}.debug|x86.Build.0 = debug|Win32
		{3682CEE4-3395-4544-80C1-24B45D7E6EDE}.release|x64.ActiveCfg = release|x64
		{3682CEE4-3395-4544-80C1-24B45D7E6EDE}.release|x64.Build.0 = release|x64
		{3682CEE4-3395-4544-80C1-24B45D7E6EDE}.release|x86.ActiveCfg = release|Win32
		{3682CEE4-3395-4544-80C1-24B45D7E6EDE}.release|x86.Build.0 = release|Win32
	EndGlobalSection
	GlobalSection(SolutionProperties) = preSolution
		HideSolutionNode = FALSE
	EndGlobalSection
	GlobalSection(ExtensibilityGlobals) = postSolution
		SolutionGuid = {B514990F-BE71-4CC9-9ABD-9BDD5AEABC0B}
	EndGlobalSection
EndGlobal
