<?xml version="1.0" encoding="utf-8"?>
<Project ToolsVersion="4.0" xmlns="http://schemas.microsoft.com/developer/msbuild/2003">
  <ItemGroup>
    <ClCompile Include="Sources\BIA.cpp" />
    <ClCompile Include="Sources\Management\Manager.cpp" />
    <ClCompile Include="Sources\Logging\ConsoleLogger.cpp" />
    <ClCompile Include="Sources\Logging\FileLogger.cpp" />
    <ClCompile Include="Sources\Experiment\Experiment.cpp" />
    <ClCompile Include="Sources\Experiment\ExperimentManager.cpp" />
    <ClCompile Include="Sources\Experiment\PartExperiment.cpp" />
    <ClCompile Include="Sources\File\FileManager.cpp" />
    <ClCompile Include="Sources\Image\ImageManager.cpp" />
    <ClCompile Include="Sources\Image\PartImage.cpp" />
    <ClCompile Include="Sources\Experiment\ExperimentDirectory.cpp" />
  </ItemGroup>
  <ItemGroup>
    <ClInclude Include="Public\BIA.h" />
    <ClInclude Include="Sources\Management\Manager.h" />
    <ClInclude Include="Sources\Logging\ConsoleLogger.h" />
    <ClInclude Include="Sources\Logging\FileLogger.h" />
    <ClInclude Include="Sources\Logging\ILogger.h" />
    <ClInclude Include="Sources\Experiment\Experiment.h" />
    <ClInclude Include="Sources\Experiment\ExperimentManager.h" />
    <ClInclude Include="Sources\Experiment\PartExperiment.h" />
    <ClInclude Include="Sources\File\FileManager.h" />
    <ClInclude Include="Sources\Image\ImageManager.h" />
    <ClInclude Include="Sources\Image\PartImage.h" />
    <ClInclude Include="Sources\Experiment\ExperimentDirectory.h" />
  </ItemGroup>
  <ItemGroup>
    <None Include="packages.config" />
  </ItemGroup>
</Project>